
Microsoft Visual Studio Solution File, Format Version 12.00
# Visual Studio Version 16
VisualStudioVersion = 16.0.30114.105
MinimumVisualStudioVersion = 10.0.40219.1
Project("{2150E333-8FDC-42A3-9474-1A3956D46DE8}") = "src", "src", "{9656E61B-7FCD-4F72-BE73-18AC25952EDF}"
EndProject
Project("{FAE04EC0-301F-11D3-BF4B-00C04F79EFBC}") = "IdentityServer", "src\IdentityServer\IdentityServer.csproj", "{88545587-C187-48C9-ABE4-EE0C38A25B0C}"
EndProject
Project("{2150E333-8FDC-42A3-9474-1A3956D46DE8}") = "test", "test", "{32B0C68B-2EAF-4A47-B4DF-98EAE40ABBB5}"
EndProject
Project("{FAE04EC0-301F-11D3-BF4B-00C04F79EFBC}") = "IdentityServer.Test", "test\IdentityServer.Test\IdentityServer.Test.csproj", "{B2AC04E9-E239-46E3-9CCE-53C20205EBAC}"
EndProject
Project("{2150E333-8FDC-42A3-9474-1A3956D46DE8}") = "devops", "devops", "{7BB594CA-2D8B-490B-8D0C-6587365F7E29}"
EndProject
Project("{FAE04EC0-301F-11D3-BF4B-00C04F79EFBC}") = "Docker", "devops\Docker\Docker.csproj", "{3E160EC2-AFB3-484D-AEEC-7EE394A78716}"
EndProject
Project("{FAE04EC0-301F-11D3-BF4B-00C04F79EFBC}") = "IdentityServer.Infrastructure", "src\IdentityServer.Infrastructure\IdentityServer.Infrastructure.csproj", "{CDDA204E-0A4B-4EF0-B31F-E1DFD5C59F5C}"
EndProject
Project("{FAE04EC0-301F-11D3-BF4B-00C04F79EFBC}") = "IdentityServer.Shared", "src\IdentityServer.Shared\IdentityServer.Shared.csproj", "{DF0937BD-7148-43D7-AC25-F1DC8C18247A}"
EndProject
Project("{FAE04EC0-301F-11D3-BF4B-00C04F79EFBC}") = "IdentityServer.API", "src\IdentityServer.API\IdentityServer.API.csproj", "{969327B0-F991-4F08-A1A1-AB345581B2F0}"
EndProject
Project("{FAE04EC0-301F-11D3-BF4B-00C04F79EFBC}") = "IdentityServer.DTO", "src\IdentityServer.DTO\IdentityServer.DTO.csproj", "{C071F4C2-100F-47EF-A419-7ABCB600259F}"
EndProject
Project("{2150E333-8FDC-42A3-9474-1A3956D46DE8}") = "cross-cutting", "cross-cutting", "{CEC9A17D-2A0F-4658-B990-F3EE56C794C3}"
EndProject
Project("{FAE04EC0-301F-11D3-BF4B-00C04F79EFBC}") = "IdentityServer.I18N", "src\cross-cutting\IdentityServer.I18N\IdentityServer.I18N.csproj", "{2DD4E5F2-02B8-4D1E-BB6C-A686E610D75C}"
EndProject
Project("{FAE04EC0-301F-11D3-BF4B-00C04F79EFBC}") = "IdentityServer.Options", "src\cross-cutting\IdentityServer.Options\IdentityServer.Options.csproj", "{24C2E8E0-6465-467F-A5CB-1A5A3D56A082}"
EndProject
Project("{FAE04EC0-301F-11D3-BF4B-00C04F79EFBC}") = "IdentityServer.Security", "src\cross-cutting\IdentityServer.Security\IdentityServer.Security.csproj", "{E1EE7D7E-9291-40A2-B461-E649400BDB89}"
EndProject
Project("{2150E333-8FDC-42A3-9474-1A3956D46DE8}") = "ui", "ui", "{71EE7F4A-7041-422D-8AC6-00FA01CA9E96}"
EndProject
Project("{FAE04EC0-301F-11D3-BF4B-00C04F79EFBC}") = "IdentityServer.UI.Auth", "src\ui\IdentityServer.UI.Auth\IdentityServer.UI.Auth.csproj", "{7072C92B-6957-4B9C-85A5-30686642A274}"
EndProject
Project("{FAE04EC0-301F-11D3-BF4B-00C04F79EFBC}") = "IdentityServer.ExternalProviders", "src\IdentityServer.ExternalProviders\IdentityServer.ExternalProviders.csproj", "{B467DCF4-FBA2-425D-8F98-1EB904628431}"
EndProject
Global
	GlobalSection(SolutionConfigurationPlatforms) = preSolution
		Debug|Any CPU = Debug|Any CPU
		Debug|x64 = Debug|x64
		Debug|x86 = Debug|x86
		Release|Any CPU = Release|Any CPU
		Release|x64 = Release|x64
		Release|x86 = Release|x86
	EndGlobalSection
	GlobalSection(SolutionProperties) = preSolution
		HideSolutionNode = FALSE
	EndGlobalSection
	GlobalSection(ProjectConfigurationPlatforms) = postSolution
		{88545587-C187-48C9-ABE4-EE0C38A25B0C}.Debug|Any CPU.ActiveCfg = Debug|Any CPU
		{88545587-C187-48C9-ABE4-EE0C38A25B0C}.Debug|Any CPU.Build.0 = Debug|Any CPU
		{88545587-C187-48C9-ABE4-EE0C38A25B0C}.Debug|x64.ActiveCfg = Debug|Any CPU
		{88545587-C187-48C9-ABE4-EE0C38A25B0C}.Debug|x64.Build.0 = Debug|Any CPU
		{88545587-C187-48C9-ABE4-EE0C38A25B0C}.Debug|x86.ActiveCfg = Debug|Any CPU
		{88545587-C187-48C9-ABE4-EE0C38A25B0C}.Debug|x86.Build.0 = Debug|Any CPU
		{88545587-C187-48C9-ABE4-EE0C38A25B0C}.Release|Any CPU.ActiveCfg = Release|Any CPU
		{88545587-C187-48C9-ABE4-EE0C38A25B0C}.Release|Any CPU.Build.0 = Release|Any CPU
		{88545587-C187-48C9-ABE4-EE0C38A25B0C}.Release|x64.ActiveCfg = Release|Any CPU
		{88545587-C187-48C9-ABE4-EE0C38A25B0C}.Release|x64.Build.0 = Release|Any CPU
		{88545587-C187-48C9-ABE4-EE0C38A25B0C}.Release|x86.ActiveCfg = Release|Any CPU
		{88545587-C187-48C9-ABE4-EE0C38A25B0C}.Release|x86.Build.0 = Release|Any CPU
		{B2AC04E9-E239-46E3-9CCE-53C20205EBAC}.Debug|Any CPU.ActiveCfg = Debug|Any CPU
		{B2AC04E9-E239-46E3-9CCE-53C20205EBAC}.Debug|Any CPU.Build.0 = Debug|Any CPU
		{B2AC04E9-E239-46E3-9CCE-53C20205EBAC}.Debug|x64.ActiveCfg = Debug|Any CPU
		{B2AC04E9-E239-46E3-9CCE-53C20205EBAC}.Debug|x64.Build.0 = Debug|Any CPU
		{B2AC04E9-E239-46E3-9CCE-53C20205EBAC}.Debug|x86.ActiveCfg = Debug|Any CPU
		{B2AC04E9-E239-46E3-9CCE-53C20205EBAC}.Debug|x86.Build.0 = Debug|Any CPU
		{B2AC04E9-E239-46E3-9CCE-53C20205EBAC}.Release|Any CPU.ActiveCfg = Release|Any CPU
		{B2AC04E9-E239-46E3-9CCE-53C20205EBAC}.Release|Any CPU.Build.0 = Release|Any CPU
		{B2AC04E9-E239-46E3-9CCE-53C20205EBAC}.Release|x64.ActiveCfg = Release|Any CPU
		{B2AC04E9-E239-46E3-9CCE-53C20205EBAC}.Release|x64.Build.0 = Release|Any CPU
		{B2AC04E9-E239-46E3-9CCE-53C20205EBAC}.Release|x86.ActiveCfg = Release|Any CPU
		{B2AC04E9-E239-46E3-9CCE-53C20205EBAC}.Release|x86.Build.0 = Release|Any CPU
		{3E160EC2-AFB3-484D-AEEC-7EE394A78716}.Debug|Any CPU.ActiveCfg = Debug|Any CPU
		{3E160EC2-AFB3-484D-AEEC-7EE394A78716}.Debug|Any CPU.Build.0 = Debug|Any CPU
		{3E160EC2-AFB3-484D-AEEC-7EE394A78716}.Debug|x64.ActiveCfg = Debug|Any CPU
		{3E160EC2-AFB3-484D-AEEC-7EE394A78716}.Debug|x64.Build.0 = Debug|Any CPU
		{3E160EC2-AFB3-484D-AEEC-7EE394A78716}.Debug|x86.ActiveCfg = Debug|Any CPU
		{3E160EC2-AFB3-484D-AEEC-7EE394A78716}.Debug|x86.Build.0 = Debug|Any CPU
		{3E160EC2-AFB3-484D-AEEC-7EE394A78716}.Release|Any CPU.ActiveCfg = Release|Any CPU
		{3E160EC2-AFB3-484D-AEEC-7EE394A78716}.Release|Any CPU.Build.0 = Release|Any CPU
		{3E160EC2-AFB3-484D-AEEC-7EE394A78716}.Release|x64.ActiveCfg = Release|Any CPU
		{3E160EC2-AFB3-484D-AEEC-7EE394A78716}.Release|x64.Build.0 = Release|Any CPU
		{3E160EC2-AFB3-484D-AEEC-7EE394A78716}.Release|x86.ActiveCfg = Release|Any CPU
		{3E160EC2-AFB3-484D-AEEC-7EE394A78716}.Release|x86.Build.0 = Release|Any CPU
		{CDDA204E-0A4B-4EF0-B31F-E1DFD5C59F5C}.Debug|Any CPU.ActiveCfg = Debug|Any CPU
		{CDDA204E-0A4B-4EF0-B31F-E1DFD5C59F5C}.Debug|Any CPU.Build.0 = Debug|Any CPU
		{CDDA204E-0A4B-4EF0-B31F-E1DFD5C59F5C}.Debug|x64.ActiveCfg = Debug|Any CPU
		{CDDA204E-0A4B-4EF0-B31F-E1DFD5C59F5C}.Debug|x64.Build.0 = Debug|Any CPU
		{CDDA204E-0A4B-4EF0-B31F-E1DFD5C59F5C}.Debug|x86.ActiveCfg = Debug|Any CPU
		{CDDA204E-0A4B-4EF0-B31F-E1DFD5C59F5C}.Debug|x86.Build.0 = Debug|Any CPU
		{CDDA204E-0A4B-4EF0-B31F-E1DFD5C59F5C}.Release|Any CPU.ActiveCfg = Release|Any CPU
		{CDDA204E-0A4B-4EF0-B31F-E1DFD5C59F5C}.Release|Any CPU.Build.0 = Release|Any CPU
		{CDDA204E-0A4B-4EF0-B31F-E1DFD5C59F5C}.Release|x64.ActiveCfg = Release|Any CPU
		{CDDA204E-0A4B-4EF0-B31F-E1DFD5C59F5C}.Release|x64.Build.0 = Release|Any CPU
		{CDDA204E-0A4B-4EF0-B31F-E1DFD5C59F5C}.Release|x86.ActiveCfg = Release|Any CPU
		{CDDA204E-0A4B-4EF0-B31F-E1DFD5C59F5C}.Release|x86.Build.0 = Release|Any CPU
		{DF0937BD-7148-43D7-AC25-F1DC8C18247A}.Debug|Any CPU.ActiveCfg = Debug|Any CPU
		{DF0937BD-7148-43D7-AC25-F1DC8C18247A}.Debug|Any CPU.Build.0 = Debug|Any CPU
		{DF0937BD-7148-43D7-AC25-F1DC8C18247A}.Debug|x64.ActiveCfg = Debug|Any CPU
		{DF0937BD-7148-43D7-AC25-F1DC8C18247A}.Debug|x64.Build.0 = Debug|Any CPU
		{DF0937BD-7148-43D7-AC25-F1DC8C18247A}.Debug|x86.ActiveCfg = Debug|Any CPU
		{DF0937BD-7148-43D7-AC25-F1DC8C18247A}.Debug|x86.Build.0 = Debug|Any CPU
		{DF0937BD-7148-43D7-AC25-F1DC8C18247A}.Release|Any CPU.ActiveCfg = Release|Any CPU
		{DF0937BD-7148-43D7-AC25-F1DC8C18247A}.Release|Any CPU.Build.0 = Release|Any CPU
		{DF0937BD-7148-43D7-AC25-F1DC8C18247A}.Release|x64.ActiveCfg = Release|Any CPU
		{DF0937BD-7148-43D7-AC25-F1DC8C18247A}.Release|x64.Build.0 = Release|Any CPU
		{DF0937BD-7148-43D7-AC25-F1DC8C18247A}.Release|x86.ActiveCfg = Release|Any CPU
		{DF0937BD-7148-43D7-AC25-F1DC8C18247A}.Release|x86.Build.0 = Release|Any CPU
		{969327B0-F991-4F08-A1A1-AB345581B2F0}.Debug|Any CPU.ActiveCfg = Debug|Any CPU
		{969327B0-F991-4F08-A1A1-AB345581B2F0}.Debug|Any CPU.Build.0 = Debug|Any CPU
		{969327B0-F991-4F08-A1A1-AB345581B2F0}.Debug|x64.ActiveCfg = Debug|Any CPU
		{969327B0-F991-4F08-A1A1-AB345581B2F0}.Debug|x64.Build.0 = Debug|Any CPU
		{969327B0-F991-4F08-A1A1-AB345581B2F0}.Debug|x86.ActiveCfg = Debug|Any CPU
		{969327B0-F991-4F08-A1A1-AB345581B2F0}.Debug|x86.Build.0 = Debug|Any CPU
		{969327B0-F991-4F08-A1A1-AB345581B2F0}.Release|Any CPU.ActiveCfg = Release|Any CPU
		{969327B0-F991-4F08-A1A1-AB345581B2F0}.Release|Any CPU.Build.0 = Release|Any CPU
		{969327B0-F991-4F08-A1A1-AB345581B2F0}.Release|x64.ActiveCfg = Release|Any CPU
		{969327B0-F991-4F08-A1A1-AB345581B2F0}.Release|x64.Build.0 = Release|Any CPU
		{969327B0-F991-4F08-A1A1-AB345581B2F0}.Release|x86.ActiveCfg = Release|Any CPU
		{969327B0-F991-4F08-A1A1-AB345581B2F0}.Release|x86.Build.0 = Release|Any CPU
		{C071F4C2-100F-47EF-A419-7ABCB600259F}.Debug|Any CPU.ActiveCfg = Debug|Any CPU
		{C071F4C2-100F-47EF-A419-7ABCB600259F}.Debug|Any CPU.Build.0 = Debug|Any CPU
		{C071F4C2-100F-47EF-A419-7ABCB600259F}.Debug|x64.ActiveCfg = Debug|Any CPU
		{C071F4C2-100F-47EF-A419-7ABCB600259F}.Debug|x64.Build.0 = Debug|Any CPU
		{C071F4C2-100F-47EF-A419-7ABCB600259F}.Debug|x86.ActiveCfg = Debug|Any CPU
		{C071F4C2-100F-47EF-A419-7ABCB600259F}.Debug|x86.Build.0 = Debug|Any CPU
		{C071F4C2-100F-47EF-A419-7ABCB600259F}.Release|Any CPU.ActiveCfg = Release|Any CPU
		{C071F4C2-100F-47EF-A419-7ABCB600259F}.Release|Any CPU.Build.0 = Release|Any CPU
		{C071F4C2-100F-47EF-A419-7ABCB600259F}.Release|x64.ActiveCfg = Release|Any CPU
		{C071F4C2-100F-47EF-A419-7ABCB600259F}.Release|x64.Build.0 = Release|Any CPU
		{C071F4C2-100F-47EF-A419-7ABCB600259F}.Release|x86.ActiveCfg = Release|Any CPU
		{C071F4C2-100F-47EF-A419-7ABCB600259F}.Release|x86.Build.0 = Release|Any CPU
		{2DD4E5F2-02B8-4D1E-BB6C-A686E610D75C}.Debug|Any CPU.ActiveCfg = Debug|Any CPU
		{2DD4E5F2-02B8-4D1E-BB6C-A686E610D75C}.Debug|Any CPU.Build.0 = Debug|Any CPU
		{2DD4E5F2-02B8-4D1E-BB6C-A686E610D75C}.Debug|x64.ActiveCfg = Debug|Any CPU
		{2DD4E5F2-02B8-4D1E-BB6C-A686E610D75C}.Debug|x64.Build.0 = Debug|Any CPU
		{2DD4E5F2-02B8-4D1E-BB6C-A686E610D75C}.Debug|x86.ActiveCfg = Debug|Any CPU
		{2DD4E5F2-02B8-4D1E-BB6C-A686E610D75C}.Debug|x86.Build.0 = Debug|Any CPU
		{2DD4E5F2-02B8-4D1E-BB6C-A686E610D75C}.Release|Any CPU.ActiveCfg = Release|Any CPU
		{2DD4E5F2-02B8-4D1E-BB6C-A686E610D75C}.Release|Any CPU.Build.0 = Release|Any CPU
		{2DD4E5F2-02B8-4D1E-BB6C-A686E610D75C}.Release|x64.ActiveCfg = Release|Any CPU
		{2DD4E5F2-02B8-4D1E-BB6C-A686E610D75C}.Release|x64.Build.0 = Release|Any CPU
		{2DD4E5F2-02B8-4D1E-BB6C-A686E610D75C}.Release|x86.ActiveCfg = Release|Any CPU
		{2DD4E5F2-02B8-4D1E-BB6C-A686E610D75C}.Release|x86.Build.0 = Release|Any CPU
		{24C2E8E0-6465-467F-A5CB-1A5A3D56A082}.Debug|Any CPU.ActiveCfg = Debug|Any CPU
		{24C2E8E0-6465-467F-A5CB-1A5A3D56A082}.Debug|Any CPU.Build.0 = Debug|Any CPU
		{24C2E8E0-6465-467F-A5CB-1A5A3D56A082}.Debug|x64.ActiveCfg = Debug|Any CPU
		{24C2E8E0-6465-467F-A5CB-1A5A3D56A082}.Debug|x64.Build.0 = Debug|Any CPU
		{24C2E8E0-6465-467F-A5CB-1A5A3D56A082}.Debug|x86.ActiveCfg = Debug|Any CPU
		{24C2E8E0-6465-467F-A5CB-1A5A3D56A082}.Debug|x86.Build.0 = Debug|Any CPU
		{24C2E8E0-6465-467F-A5CB-1A5A3D56A082}.Release|Any CPU.ActiveCfg = Release|Any CPU
		{24C2E8E0-6465-467F-A5CB-1A5A3D56A082}.Release|Any CPU.Build.0 = Release|Any CPU
		{24C2E8E0-6465-467F-A5CB-1A5A3D56A082}.Release|x64.ActiveCfg = Release|Any CPU
		{24C2E8E0-6465-467F-A5CB-1A5A3D56A082}.Release|x64.Build.0 = Release|Any CPU
		{24C2E8E0-6465-467F-A5CB-1A5A3D56A082}.Release|x86.ActiveCfg = Release|Any CPU
		{24C2E8E0-6465-467F-A5CB-1A5A3D56A082}.Release|x86.Build.0 = Release|Any CPU
		{E1EE7D7E-9291-40A2-B461-E649400BDB89}.Debug|Any CPU.ActiveCfg = Debug|Any CPU
		{E1EE7D7E-9291-40A2-B461-E649400BDB89}.Debug|Any CPU.Build.0 = Debug|Any CPU
		{E1EE7D7E-9291-40A2-B461-E649400BDB89}.Debug|x64.ActiveCfg = Debug|Any CPU
		{E1EE7D7E-9291-40A2-B461-E649400BDB89}.Debug|x64.Build.0 = Debug|Any CPU
		{E1EE7D7E-9291-40A2-B461-E649400BDB89}.Debug|x86.ActiveCfg = Debug|Any CPU
		{E1EE7D7E-9291-40A2-B461-E649400BDB89}.Debug|x86.Build.0 = Debug|Any CPU
		{E1EE7D7E-9291-40A2-B461-E649400BDB89}.Release|Any CPU.ActiveCfg = Release|Any CPU
		{E1EE7D7E-9291-40A2-B461-E649400BDB89}.Release|Any CPU.Build.0 = Release|Any CPU
		{E1EE7D7E-9291-40A2-B461-E649400BDB89}.Release|x64.ActiveCfg = Release|Any CPU
		{E1EE7D7E-9291-40A2-B461-E649400BDB89}.Release|x64.Build.0 = Release|Any CPU
		{E1EE7D7E-9291-40A2-B461-E649400BDB89}.Release|x86.ActiveCfg = Release|Any CPU
		{E1EE7D7E-9291-40A2-B461-E649400BDB89}.Release|x86.Build.0 = Release|Any CPU
		{7072C92B-6957-4B9C-85A5-30686642A274}.Debug|Any CPU.ActiveCfg = Debug|Any CPU
		{7072C92B-6957-4B9C-85A5-30686642A274}.Debug|Any CPU.Build.0 = Debug|Any CPU
		{7072C92B-6957-4B9C-85A5-30686642A274}.Debug|x64.ActiveCfg = Debug|Any CPU
		{7072C92B-6957-4B9C-85A5-30686642A274}.Debug|x64.Build.0 = Debug|Any CPU
		{7072C92B-6957-4B9C-85A5-30686642A274}.Debug|x86.ActiveCfg = Debug|Any CPU
		{7072C92B-6957-4B9C-85A5-30686642A274}.Debug|x86.Build.0 = Debug|Any CPU
		{7072C92B-6957-4B9C-85A5-30686642A274}.Release|Any CPU.ActiveCfg = Release|Any CPU
		{7072C92B-6957-4B9C-85A5-30686642A274}.Release|Any CPU.Build.0 = Release|Any CPU
		{7072C92B-6957-4B9C-85A5-30686642A274}.Release|x64.ActiveCfg = Release|Any CPU
		{7072C92B-6957-4B9C-85A5-30686642A274}.Release|x64.Build.0 = Release|Any CPU
		{7072C92B-6957-4B9C-85A5-30686642A274}.Release|x86.ActiveCfg = Release|Any CPU
		{7072C92B-6957-4B9C-85A5-30686642A274}.Release|x86.Build.0 = Release|Any CPU
		{B467DCF4-FBA2-425D-8F98-1EB904628431}.Debug|Any CPU.ActiveCfg = Debug|Any CPU
		{B467DCF4-FBA2-425D-8F98-1EB904628431}.Debug|Any CPU.Build.0 = Debug|Any CPU
		{B467DCF4-FBA2-425D-8F98-1EB904628431}.Debug|x64.ActiveCfg = Debug|Any CPU
		{B467DCF4-FBA2-425D-8F98-1EB904628431}.Debug|x64.Build.0 = Debug|Any CPU
		{B467DCF4-FBA2-425D-8F98-1EB904628431}.Debug|x86.ActiveCfg = Debug|Any CPU
		{B467DCF4-FBA2-425D-8F98-1EB904628431}.Debug|x86.Build.0 = Debug|Any CPU
		{B467DCF4-FBA2-425D-8F98-1EB904628431}.Release|Any CPU.ActiveCfg = Release|Any CPU
		{B467DCF4-FBA2-425D-8F98-1EB904628431}.Release|Any CPU.Build.0 = Release|Any CPU
		{B467DCF4-FBA2-425D-8F98-1EB904628431}.Release|x64.ActiveCfg = Release|Any CPU
		{B467DCF4-FBA2-425D-8F98-1EB904628431}.Release|x64.Build.0 = Release|Any CPU
		{B467DCF4-FBA2-425D-8F98-1EB904628431}.Release|x86.ActiveCfg = Release|Any CPU
		{B467DCF4-FBA2-425D-8F98-1EB904628431}.Release|x86.Build.0 = Release|Any CPU
	EndGlobalSection
	GlobalSection(NestedProjects) = preSolution
		{88545587-C187-48C9-ABE4-EE0C38A25B0C} = {9656E61B-7FCD-4F72-BE73-18AC25952EDF}
		{B2AC04E9-E239-46E3-9CCE-53C20205EBAC} = {32B0C68B-2EAF-4A47-B4DF-98EAE40ABBB5}
		{3E160EC2-AFB3-484D-AEEC-7EE394A78716} = {7BB594CA-2D8B-490B-8D0C-6587365F7E29}
		{CDDA204E-0A4B-4EF0-B31F-E1DFD5C59F5C} = {9656E61B-7FCD-4F72-BE73-18AC25952EDF}
		{DF0937BD-7148-43D7-AC25-F1DC8C18247A} = {9656E61B-7FCD-4F72-BE73-18AC25952EDF}
		{969327B0-F991-4F08-A1A1-AB345581B2F0} = {9656E61B-7FCD-4F72-BE73-18AC25952EDF}
		{C071F4C2-100F-47EF-A419-7ABCB600259F} = {9656E61B-7FCD-4F72-BE73-18AC25952EDF}
		{CEC9A17D-2A0F-4658-B990-F3EE56C794C3} = {9656E61B-7FCD-4F72-BE73-18AC25952EDF}
		{2DD4E5F2-02B8-4D1E-BB6C-A686E610D75C} = {CEC9A17D-2A0F-4658-B990-F3EE56C794C3}
		{24C2E8E0-6465-467F-A5CB-1A5A3D56A082} = {CEC9A17D-2A0F-4658-B990-F3EE56C794C3}
		{E1EE7D7E-9291-40A2-B461-E649400BDB89} = {CEC9A17D-2A0F-4658-B990-F3EE56C794C3}
		{71EE7F4A-7041-422D-8AC6-00FA01CA9E96} = {9656E61B-7FCD-4F72-BE73-18AC25952EDF}
		{7072C92B-6957-4B9C-85A5-30686642A274} = {71EE7F4A-7041-422D-8AC6-00FA01CA9E96}
		{B467DCF4-FBA2-425D-8F98-1EB904628431} = {9656E61B-7FCD-4F72-BE73-18AC25952EDF}
	EndGlobalSection
EndGlobal
