
Microsoft Visual Studio Solution File, Format Version 12.00
# Visual Studio Version 16
VisualStudioVersion = 16.0.30114.105
MinimumVisualStudioVersion = 10.0.40219.1
Project("{2150E333-8FDC-42A3-9474-1A3956D46DE8}") = "src", "src", "{9656E61B-7FCD-4F72-BE73-18AC25952EDF}"
EndProject
Project("{FAE04EC0-301F-11D3-BF4B-00C04F79EFBC}") = "IdentityServer", "src\IdentityServer\IdentityServer.csproj", "{88545587-C187-48C9-ABE4-EE0C38A25B0C}"
EndProject
Project("{2150E333-8FDC-42A3-9474-1A3956D46DE8}") = "test", "test", "{32B0C68B-2EAF-4A47-B4DF-98EAE40ABBB5}"
EndProject
Project("{FAE04EC0-301F-11D3-BF4B-00C04F79EFBC}") = "IdentityServer.Test", "test\IdentityServer.Test\IdentityServer.Test.csproj", "{B2AC04E9-E239-46E3-9CCE-53C20205EBAC}"
EndProject
Project("{2150E333-8FDC-42A3-9474-1A3956D46DE8}") = "devops", "devops", "{7BB594CA-2D8B-490B-8D0C-6587365F7E29}"
EndProject
Project("{FAE04EC0-301F-11D3-BF4B-00C04F79EFBC}") = "Docker", "devops\Docker\Docker.csproj", "{3E160EC2-AFB3-484D-AEEC-7EE394A78716}"
EndProject
Project("{2150E333-8FDC-42A3-9474-1A3956D46DE8}") = "cross-cutting", "cross-cutting", "{CEC9A17D-2A0F-4658-B990-F3EE56C794C3}"
EndProject
Project("{FAE04EC0-301F-11D3-BF4B-00C04F79EFBC}") = "IdentityServer.I18N", "src\cross-cutting\IdentityServer.I18N\IdentityServer.I18N.csproj", "{2DD4E5F2-02B8-4D1E-BB6C-A686E610D75C}"
EndProject
Project("{FAE04EC0-301F-11D3-BF4B-00C04F79EFBC}") = "IdentityServer.Options", "src\cross-cutting\IdentityServer.Options\IdentityServer.Options.csproj", "{24C2E8E0-6465-467F-A5CB-1A5A3D56A082}"
EndProject
Project("{2150E333-8FDC-42A3-9474-1A3956D46DE8}") = "application", "application", "{5AFF5C7A-43CD-4BD9-AED9-37B8BBF47248}"
EndProject
Project("{FAE04EC0-301F-11D3-BF4B-00C04F79EFBC}") = "IdentityServer.API", "src\application\IdentityServer.API\IdentityServer.API.csproj", "{1D4356DF-2A49-4DE7-8506-B8E8B6166B41}"
EndProject
Project("{2150E333-8FDC-42A3-9474-1A3956D46DE8}") = "ui", "ui", "{0A9AA0F9-2C59-4C7B-AD35-A632C677CCB5}"
EndProject
Project("{FAE04EC0-301F-11D3-BF4B-00C04F79EFBC}") = "IdentityServer.UI.Auth", "src\application\ui\IdentityServer.UI.Auth\IdentityServer.UI.Auth.csproj", "{DAA8905E-8109-4B1F-A252-9AE1A18901FE}"
EndProject
Project("{2150E333-8FDC-42A3-9474-1A3956D46DE8}") = "infrastructure", "infrastructure", "{62BC613D-45CB-4947-A535-1BB067809C87}"
EndProject
Project("{FAE04EC0-301F-11D3-BF4B-00C04F79EFBC}") = "IdentityServer.ExternalProviders", "src\infrastructure\IdentityServer.ExternalProviders\IdentityServer.ExternalProviders.csproj", "{B75C2F5E-0EAF-41DA-A625-0A492CE2407B}"
EndProject
Project("{FAE04EC0-301F-11D3-BF4B-00C04F79EFBC}") = "IdentityServer.Infrastructure", "src\infrastructure\IdentityServer.Infrastructure\IdentityServer.Infrastructure.csproj", "{EA170D56-FA2B-490F-B654-051921CA8003}"
EndProject
Global
	GlobalSection(SolutionConfigurationPlatforms) = preSolution
		Debug|Any CPU = Debug|Any CPU
		Debug|x64 = Debug|x64
		Debug|x86 = Debug|x86
		Release|Any CPU = Release|Any CPU
		Release|x64 = Release|x64
		Release|x86 = Release|x86
	EndGlobalSection
	GlobalSection(SolutionProperties) = preSolution
		HideSolutionNode = FALSE
	EndGlobalSection
	GlobalSection(ProjectConfigurationPlatforms) = postSolution
		{88545587-C187-48C9-ABE4-EE0C38A25B0C}.Debug|Any CPU.ActiveCfg = Debug|Any CPU
		{88545587-C187-48C9-ABE4-EE0C38A25B0C}.Debug|Any CPU.Build.0 = Debug|Any CPU
		{88545587-C187-48C9-ABE4-EE0C38A25B0C}.Debug|x64.ActiveCfg = Debug|Any CPU
		{88545587-C187-48C9-ABE4-EE0C38A25B0C}.Debug|x64.Build.0 = Debug|Any CPU
		{88545587-C187-48C9-ABE4-EE0C38A25B0C}.Debug|x86.ActiveCfg = Debug|Any CPU
		{88545587-C187-48C9-ABE4-EE0C38A25B0C}.Debug|x86.Build.0 = Debug|Any CPU
		{88545587-C187-48C9-ABE4-EE0C38A25B0C}.Release|Any CPU.ActiveCfg = Release|Any CPU
		{88545587-C187-48C9-ABE4-EE0C38A25B0C}.Release|Any CPU.Build.0 = Release|Any CPU
		{88545587-C187-48C9-ABE4-EE0C38A25B0C}.Release|x64.ActiveCfg = Release|Any CPU
		{88545587-C187-48C9-ABE4-EE0C38A25B0C}.Release|x64.Build.0 = Release|Any CPU
		{88545587-C187-48C9-ABE4-EE0C38A25B0C}.Release|x86.ActiveCfg = Release|Any CPU
		{88545587-C187-48C9-ABE4-EE0C38A25B0C}.Release|x86.Build.0 = Release|Any CPU
		{B2AC04E9-E239-46E3-9CCE-53C20205EBAC}.Debug|Any CPU.ActiveCfg = Debug|Any CPU
		{B2AC04E9-E239-46E3-9CCE-53C20205EBAC}.Debug|Any CPU.Build.0 = Debug|Any CPU
		{B2AC04E9-E239-46E3-9CCE-53C20205EBAC}.Debug|x64.ActiveCfg = Debug|Any CPU
		{B2AC04E9-E239-46E3-9CCE-53C20205EBAC}.Debug|x64.Build.0 = Debug|Any CPU
		{B2AC04E9-E239-46E3-9CCE-53C20205EBAC}.Debug|x86.ActiveCfg = Debug|Any CPU
		{B2AC04E9-E239-46E3-9CCE-53C20205EBAC}.Debug|x86.Build.0 = Debug|Any CPU
		{B2AC04E9-E239-46E3-9CCE-53C20205EBAC}.Release|Any CPU.ActiveCfg = Release|Any CPU
		{B2AC04E9-E239-46E3-9CCE-53C20205EBAC}.Release|Any CPU.Build.0 = Release|Any CPU
		{B2AC04E9-E239-46E3-9CCE-53C20205EBAC}.Release|x64.ActiveCfg = Release|Any CPU
		{B2AC04E9-E239-46E3-9CCE-53C20205EBAC}.Release|x64.Build.0 = Release|Any CPU
		{B2AC04E9-E239-46E3-9CCE-53C20205EBAC}.Release|x86.ActiveCfg = Release|Any CPU
		{B2AC04E9-E239-46E3-9CCE-53C20205EBAC}.Release|x86.Build.0 = Release|Any CPU
		{3E160EC2-AFB3-484D-AEEC-7EE394A78716}.Debug|Any CPU.ActiveCfg = Debug|Any CPU
		{3E160EC2-AFB3-484D-AEEC-7EE394A78716}.Debug|Any CPU.Build.0 = Debug|Any CPU
		{3E160EC2-AFB3-484D-AEEC-7EE394A78716}.Debug|x64.ActiveCfg = Debug|Any CPU
		{3E160EC2-AFB3-484D-AEEC-7EE394A78716}.Debug|x64.Build.0 = Debug|Any CPU
		{3E160EC2-AFB3-484D-AEEC-7EE394A78716}.Debug|x86.ActiveCfg = Debug|Any CPU
		{3E160EC2-AFB3-484D-AEEC-7EE394A78716}.Debug|x86.Build.0 = Debug|Any CPU
		{3E160EC2-AFB3-484D-AEEC-7EE394A78716}.Release|Any CPU.ActiveCfg = Release|Any CPU
		{3E160EC2-AFB3-484D-AEEC-7EE394A78716}.Release|Any CPU.Build.0 = Release|Any CPU
		{3E160EC2-AFB3-484D-AEEC-7EE394A78716}.Release|x64.ActiveCfg = Release|Any CPU
		{3E160EC2-AFB3-484D-AEEC-7EE394A78716}.Release|x64.Build.0 = Release|Any CPU
		{3E160EC2-AFB3-484D-AEEC-7EE394A78716}.Release|x86.ActiveCfg = Release|Any CPU
		{3E160EC2-AFB3-484D-AEEC-7EE394A78716}.Release|x86.Build.0 = Release|Any CPU
		{2DD4E5F2-02B8-4D1E-BB6C-A686E610D75C}.Debug|Any CPU.ActiveCfg = Debug|Any CPU
		{2DD4E5F2-02B8-4D1E-BB6C-A686E610D75C}.Debug|Any CPU.Build.0 = Debug|Any CPU
		{2DD4E5F2-02B8-4D1E-BB6C-A686E610D75C}.Debug|x64.ActiveCfg = Debug|Any CPU
		{2DD4E5F2-02B8-4D1E-BB6C-A686E610D75C}.Debug|x64.Build.0 = Debug|Any CPU
		{2DD4E5F2-02B8-4D1E-BB6C-A686E610D75C}.Debug|x86.ActiveCfg = Debug|Any CPU
		{2DD4E5F2-02B8-4D1E-BB6C-A686E610D75C}.Debug|x86.Build.0 = Debug|Any CPU
		{2DD4E5F2-02B8-4D1E-BB6C-A686E610D75C}.Release|Any CPU.ActiveCfg = Release|Any CPU
		{2DD4E5F2-02B8-4D1E-BB6C-A686E610D75C}.Release|Any CPU.Build.0 = Release|Any CPU
		{2DD4E5F2-02B8-4D1E-BB6C-A686E610D75C}.Release|x64.ActiveCfg = Release|Any CPU
		{2DD4E5F2-02B8-4D1E-BB6C-A686E610D75C}.Release|x64.Build.0 = Release|Any CPU
		{2DD4E5F2-02B8-4D1E-BB6C-A686E610D75C}.Release|x86.ActiveCfg = Release|Any CPU
		{2DD4E5F2-02B8-4D1E-BB6C-A686E610D75C}.Release|x86.Build.0 = Release|Any CPU
		{24C2E8E0-6465-467F-A5CB-1A5A3D56A082}.Debug|Any CPU.ActiveCfg = Debug|Any CPU
		{24C2E8E0-6465-467F-A5CB-1A5A3D56A082}.Debug|Any CPU.Build.0 = Debug|Any CPU
		{24C2E8E0-6465-467F-A5CB-1A5A3D56A082}.Debug|x64.ActiveCfg = Debug|Any CPU
		{24C2E8E0-6465-467F-A5CB-1A5A3D56A082}.Debug|x64.Build.0 = Debug|Any CPU
		{24C2E8E0-6465-467F-A5CB-1A5A3D56A082}.Debug|x86.ActiveCfg = Debug|Any CPU
		{24C2E8E0-6465-467F-A5CB-1A5A3D56A082}.Debug|x86.Build.0 = Debug|Any CPU
		{24C2E8E0-6465-467F-A5CB-1A5A3D56A082}.Release|Any CPU.ActiveCfg = Release|Any CPU
		{24C2E8E0-6465-467F-A5CB-1A5A3D56A082}.Release|Any CPU.Build.0 = Release|Any CPU
		{24C2E8E0-6465-467F-A5CB-1A5A3D56A082}.Release|x64.ActiveCfg = Release|Any CPU
		{24C2E8E0-6465-467F-A5CB-1A5A3D56A082}.Release|x64.Build.0 = Release|Any CPU
		{24C2E8E0-6465-467F-A5CB-1A5A3D56A082}.Release|x86.ActiveCfg = Release|Any CPU
		{24C2E8E0-6465-467F-A5CB-1A5A3D56A082}.Release|x86.Build.0 = Release|Any CPU
		{1D4356DF-2A49-4DE7-8506-B8E8B6166B41}.Debug|Any CPU.ActiveCfg = Debug|Any CPU
		{1D4356DF-2A49-4DE7-8506-B8E8B6166B41}.Debug|Any CPU.Build.0 = Debug|Any CPU
		{1D4356DF-2A49-4DE7-8506-B8E8B6166B41}.Debug|x64.ActiveCfg = Debug|Any CPU
		{1D4356DF-2A49-4DE7-8506-B8E8B6166B41}.Debug|x64.Build.0 = Debug|Any CPU
		{1D4356DF-2A49-4DE7-8506-B8E8B6166B41}.Debug|x86.ActiveCfg = Debug|Any CPU
		{1D4356DF-2A49-4DE7-8506-B8E8B6166B41}.Debug|x86.Build.0 = Debug|Any CPU
		{1D4356DF-2A49-4DE7-8506-B8E8B6166B41}.Release|Any CPU.ActiveCfg = Release|Any CPU
		{1D4356DF-2A49-4DE7-8506-B8E8B6166B41}.Release|Any CPU.Build.0 = Release|Any CPU
		{1D4356DF-2A49-4DE7-8506-B8E8B6166B41}.Release|x64.ActiveCfg = Release|Any CPU
		{1D4356DF-2A49-4DE7-8506-B8E8B6166B41}.Release|x64.Build.0 = Release|Any CPU
		{1D4356DF-2A49-4DE7-8506-B8E8B6166B41}.Release|x86.ActiveCfg = Release|Any CPU
		{1D4356DF-2A49-4DE7-8506-B8E8B6166B41}.Release|x86.Build.0 = Release|Any CPU
		{DAA8905E-8109-4B1F-A252-9AE1A18901FE}.Debug|Any CPU.ActiveCfg = Debug|Any CPU
		{DAA8905E-8109-4B1F-A252-9AE1A18901FE}.Debug|Any CPU.Build.0 = Debug|Any CPU
		{DAA8905E-8109-4B1F-A252-9AE1A18901FE}.Debug|x64.ActiveCfg = Debug|Any CPU
		{DAA8905E-8109-4B1F-A252-9AE1A18901FE}.Debug|x64.Build.0 = Debug|Any CPU
		{DAA8905E-8109-4B1F-A252-9AE1A18901FE}.Debug|x86.ActiveCfg = Debug|Any CPU
		{DAA8905E-8109-4B1F-A252-9AE1A18901FE}.Debug|x86.Build.0 = Debug|Any CPU
		{DAA8905E-8109-4B1F-A252-9AE1A18901FE}.Release|Any CPU.ActiveCfg = Release|Any CPU
		{DAA8905E-8109-4B1F-A252-9AE1A18901FE}.Release|Any CPU.Build.0 = Release|Any CPU
		{DAA8905E-8109-4B1F-A252-9AE1A18901FE}.Release|x64.ActiveCfg = Release|Any CPU
		{DAA8905E-8109-4B1F-A252-9AE1A18901FE}.Release|x64.Build.0 = Release|Any CPU
		{DAA8905E-8109-4B1F-A252-9AE1A18901FE}.Release|x86.ActiveCfg = Release|Any CPU
		{DAA8905E-8109-4B1F-A252-9AE1A18901FE}.Release|x86.Build.0 = Release|Any CPU
		{B75C2F5E-0EAF-41DA-A625-0A492CE2407B}.Debug|Any CPU.ActiveCfg = Debug|Any CPU
		{B75C2F5E-0EAF-41DA-A625-0A492CE2407B}.Debug|Any CPU.Build.0 = Debug|Any CPU
		{B75C2F5E-0EAF-41DA-A625-0A492CE2407B}.Debug|x64.ActiveCfg = Debug|Any CPU
		{B75C2F5E-0EAF-41DA-A625-0A492CE2407B}.Debug|x64.Build.0 = Debug|Any CPU
		{B75C2F5E-0EAF-41DA-A625-0A492CE2407B}.Debug|x86.ActiveCfg = Debug|Any CPU
		{B75C2F5E-0EAF-41DA-A625-0A492CE2407B}.Debug|x86.Build.0 = Debug|Any CPU
		{B75C2F5E-0EAF-41DA-A625-0A492CE2407B}.Release|Any CPU.ActiveCfg = Release|Any CPU
		{B75C2F5E-0EAF-41DA-A625-0A492CE2407B}.Release|Any CPU.Build.0 = Release|Any CPU
		{B75C2F5E-0EAF-41DA-A625-0A492CE2407B}.Release|x64.ActiveCfg = Release|Any CPU
		{B75C2F5E-0EAF-41DA-A625-0A492CE2407B}.Release|x64.Build.0 = Release|Any CPU
		{B75C2F5E-0EAF-41DA-A625-0A492CE2407B}.Release|x86.ActiveCfg = Release|Any CPU
		{B75C2F5E-0EAF-41DA-A625-0A492CE2407B}.Release|x86.Build.0 = Release|Any CPU
		{EA170D56-FA2B-490F-B654-051921CA8003}.Debug|Any CPU.ActiveCfg = Debug|Any CPU
		{EA170D56-FA2B-490F-B654-051921CA8003}.Debug|Any CPU.Build.0 = Debug|Any CPU
		{EA170D56-FA2B-490F-B654-051921CA8003}.Debug|x64.ActiveCfg = Debug|Any CPU
		{EA170D56-FA2B-490F-B654-051921CA8003}.Debug|x64.Build.0 = Debug|Any CPU
		{EA170D56-FA2B-490F-B654-051921CA8003}.Debug|x86.ActiveCfg = Debug|Any CPU
		{EA170D56-FA2B-490F-B654-051921CA8003}.Debug|x86.Build.0 = Debug|Any CPU
		{EA170D56-FA2B-490F-B654-051921CA8003}.Release|Any CPU.ActiveCfg = Release|Any CPU
		{EA170D56-FA2B-490F-B654-051921CA8003}.Release|Any CPU.Build.0 = Release|Any CPU
		{EA170D56-FA2B-490F-B654-051921CA8003}.Release|x64.ActiveCfg = Release|Any CPU
		{EA170D56-FA2B-490F-B654-051921CA8003}.Release|x64.Build.0 = Release|Any CPU
		{EA170D56-FA2B-490F-B654-051921CA8003}.Release|x86.ActiveCfg = Release|Any CPU
		{EA170D56-FA2B-490F-B654-051921CA8003}.Release|x86.Build.0 = Release|Any CPU
	EndGlobalSection
	GlobalSection(NestedProjects) = preSolution
		{88545587-C187-48C9-ABE4-EE0C38A25B0C} = {9656E61B-7FCD-4F72-BE73-18AC25952EDF}
		{B2AC04E9-E239-46E3-9CCE-53C20205EBAC} = {32B0C68B-2EAF-4A47-B4DF-98EAE40ABBB5}
		{3E160EC2-AFB3-484D-AEEC-7EE394A78716} = {7BB594CA-2D8B-490B-8D0C-6587365F7E29}
		{CEC9A17D-2A0F-4658-B990-F3EE56C794C3} = {9656E61B-7FCD-4F72-BE73-18AC25952EDF}
		{2DD4E5F2-02B8-4D1E-BB6C-A686E610D75C} = {CEC9A17D-2A0F-4658-B990-F3EE56C794C3}
		{24C2E8E0-6465-467F-A5CB-1A5A3D56A082} = {CEC9A17D-2A0F-4658-B990-F3EE56C794C3}
		{5AFF5C7A-43CD-4BD9-AED9-37B8BBF47248} = {9656E61B-7FCD-4F72-BE73-18AC25952EDF}
		{1D4356DF-2A49-4DE7-8506-B8E8B6166B41} = {5AFF5C7A-43CD-4BD9-AED9-37B8BBF47248}
		{0A9AA0F9-2C59-4C7B-AD35-A632C677CCB5} = {5AFF5C7A-43CD-4BD9-AED9-37B8BBF47248}
		{DAA8905E-8109-4B1F-A252-9AE1A18901FE} = {0A9AA0F9-2C59-4C7B-AD35-A632C677CCB5}
		{62BC613D-45CB-4947-A535-1BB067809C87} = {9656E61B-7FCD-4F72-BE73-18AC25952EDF}
		{B75C2F5E-0EAF-41DA-A625-0A492CE2407B} = {62BC613D-45CB-4947-A535-1BB067809C87}
		{EA170D56-FA2B-490F-B654-051921CA8003} = {62BC613D-45CB-4947-A535-1BB067809C87}
	EndGlobalSection
EndGlobal
